
Microsoft Visual Studio Solution File, Format Version 12.00
# Visual Studio 2012
Project("{FAE04EC0-301F-11D3-BF4B-00C04F79EFBC}") = "StringDistance", "StringDistance\StringDistance.csproj", "{6EB25B66-B29F-42BC-AE59-D026C13DB658}"
EndProject
Global
	GlobalSection(SolutionConfigurationPlatforms) = preSolution
		Debug|Any CPU = Debug|Any CPU
		Release|Any CPU = Release|Any CPU
	EndGlobalSection
	GlobalSection(ProjectConfigurationPlatforms) = postSolution
		{6EB25B66-B29F-42BC-AE59-D026C13DB658}.Debug|Any CPU.ActiveCfg = Debug|Any CPU
		{6EB25B66-B29F-42BC-AE59-D026C13DB658}.Debug|Any CPU.Build.0 = Debug|Any CPU
		{6EB25B66-B29F-42BC-AE59-D026C13DB658}.Release|Any CPU.ActiveCfg = Release|Any CPU
		{6EB25B66-B29F-42BC-AE59-D026C13DB658}.Release|Any CPU.Build.0 = Release|Any CPU
	EndGlobalSection
	GlobalSection(SolutionProperties) = preSolution
		HideSolutionNode = FALSE
	EndGlobalSection
EndGlobal
